
Microsoft Visual Studio Solution File, Format Version 12.00
# Visual Studio Version 16
VisualStudioVersion = 16.0.30330.147
MinimumVisualStudioVersion = 10.0.40219.1
Project("{9A19103F-16F7-4668-BE54-9A1E7A4F7556}") = "PBWatchdog", "PBWatchdog.csproj", "{08800678-5086-477E-A550-67B2A6D41A78}"
EndProject
Project("{2150E333-8FDC-42A3-9474-1A3956D46DE8}") = "Solution Items", "Solution Items", "{5BA106E5-0CD1-4FDD-90EF-B5E57A866702}"
	ProjectSection(SolutionItems) = preProject
		Images\img_20200817_131121_R0c_icon.ico = Images\img_20200817_131121_R0c_icon.ico
	EndProjectSection
EndProject
Global
	GlobalSection(SolutionConfigurationPlatforms) = preSolution
		Debug|Any CPU = Debug|Any CPU
		Release|Any CPU = Release|Any CPU
	EndGlobalSection
	GlobalSection(ProjectConfigurationPlatforms) = postSolution
		{08800678-5086-477E-A550-67B2A6D41A78}.Debug|Any CPU.ActiveCfg = Debug|Any CPU
		{08800678-5086-477E-A550-67B2A6D41A78}.Debug|Any CPU.Build.0 = Debug|Any CPU
		{08800678-5086-477E-A550-67B2A6D41A78}.Release|Any CPU.ActiveCfg = Release|Any CPU
		{08800678-5086-477E-A550-67B2A6D41A78}.Release|Any CPU.Build.0 = Release|Any CPU
	EndGlobalSection
	GlobalSection(SolutionProperties) = preSolution
		HideSolutionNode = FALSE
	EndGlobalSection
	GlobalSection(ExtensibilityGlobals) = postSolution
		SolutionGuid = {059D37FA-C47C-4115-9876-E8832E7AE98B}
	EndGlobalSection
EndGlobal
